
Microsoft Visual Studio Solution File, Format Version 12.00
# Visual Studio 2015
Project("{FAE04EC0-301F-11D3-BF4B-00C04F79EFBC}") = "mazePhysics.CSharp", "mazePhysics.CSharp.csproj", "{A7F7B13C-6EFA-4E5D-F55E-475C3D2A6C0B}"
EndProject
Global
	GlobalSection(SolutionConfigurationPlatforms) = preSolution
		Debug|Any CPU = Debug|Any CPU
		Release|Any CPU = Release|Any CPU
	EndGlobalSection
	GlobalSection(ProjectConfigurationPlatforms) = postSolution
		{A7F7B13C-6EFA-4E5D-F55E-475C3D2A6C0B}.Debug|Any CPU.ActiveCfg = Debug|Any CPU
		{A7F7B13C-6EFA-4E5D-F55E-475C3D2A6C0B}.Debug|Any CPU.Build.0 = Debug|Any CPU
		{A7F7B13C-6EFA-4E5D-F55E-475C3D2A6C0B}.Release|Any CPU.ActiveCfg = Release|Any CPU
		{A7F7B13C-6EFA-4E5D-F55E-475C3D2A6C0B}.Release|Any CPU.Build.0 = Release|Any CPU
	EndGlobalSection
	GlobalSection(SolutionProperties) = preSolution
		HideSolutionNode = FALSE
	EndGlobalSection
EndGlobal
